
Microsoft Visual Studio Solution File, Format Version 12.00
# Visual Studio Version 16
VisualStudioVersion = 16.0.31727.386
MinimumVisualStudioVersion = 10.0.40219.1
Project("{FAE04EC0-301F-11D3-BF4B-00C04F79EFBC}") = "Not_Again_Space_Invaders", "Not_Again_Space_Invaders\Not_Again_Space_Invaders.csproj", "{C9425380-AAD1-406A-A11C-1BD487AB1A5E}"
EndProject
Global
	GlobalSection(SolutionConfigurationPlatforms) = preSolution
		Debug|Any CPU = Debug|Any CPU
		Release|Any CPU = Release|Any CPU
	EndGlobalSection
	GlobalSection(ProjectConfigurationPlatforms) = postSolution
		{C9425380-AAD1-406A-A11C-1BD487AB1A5E}.Debug|Any CPU.ActiveCfg = Debug|Any CPU
		{C9425380-AAD1-406A-A11C-1BD487AB1A5E}.Debug|Any CPU.Build.0 = Debug|Any CPU
		{C9425380-AAD1-406A-A11C-1BD487AB1A5E}.Release|Any CPU.ActiveCfg = Release|Any CPU
		{C9425380-AAD1-406A-A11C-1BD487AB1A5E}.Release|Any CPU.Build.0 = Release|Any CPU
	EndGlobalSection
	GlobalSection(SolutionProperties) = preSolution
		HideSolutionNode = FALSE
	EndGlobalSection
	GlobalSection(ExtensibilityGlobals) = postSolution
		SolutionGuid = {8406140B-487F-46AF-8BBA-6E35E6CA7EB1}
	EndGlobalSection
EndGlobal
